
Microsoft Visual Studio Solution File, Format Version 12.00
# Visual Studio Version 16
VisualStudioVersion = 16.0.31313.79
MinimumVisualStudioVersion = 10.0.40219.1
Project("{FAE04EC0-301F-11D3-BF4B-00C04F79EFBC}") = "PersonalSiteMVC", "PersonalSiteMVC\PersonalSiteMVC.csproj", "{BAD6F5E7-A317-4E34-9B2F-7BB6A7541F97}"
EndProject
Global
	GlobalSection(SolutionConfigurationPlatforms) = preSolution
		Debug|Any CPU = Debug|Any CPU
		Release|Any CPU = Release|Any CPU
	EndGlobalSection
	GlobalSection(ProjectConfigurationPlatforms) = postSolution
		{BAD6F5E7-A317-4E34-9B2F-7BB6A7541F97}.Debug|Any CPU.ActiveCfg = Debug|Any CPU
		{BAD6F5E7-A317-4E34-9B2F-7BB6A7541F97}.Debug|Any CPU.Build.0 = Debug|Any CPU
		{BAD6F5E7-A317-4E34-9B2F-7BB6A7541F97}.Release|Any CPU.ActiveCfg = Release|Any CPU
		{BAD6F5E7-A317-4E34-9B2F-7BB6A7541F97}.Release|Any CPU.Build.0 = Release|Any CPU
	EndGlobalSection
	GlobalSection(SolutionProperties) = preSolution
		HideSolutionNode = FALSE
	EndGlobalSection
	GlobalSection(ExtensibilityGlobals) = postSolution
		SolutionGuid = {BED79667-761F-4A1E-8AC6-2CD577E4D06C}
	EndGlobalSection
EndGlobal
